
Microsoft Visual Studio Solution File, Format Version 12.00
# Visual Studio 15
VisualStudioVersion = 15.0.27130.2020
MinimumVisualStudioVersion = 10.0.40219.1
Project("{2150E333-8FDC-42A3-9474-1A3956D46DE8}") = "test", "test", "{2E94C4D9-0FA1-4CEC-B1E2-1BD68156A10C}"
EndProject
Project("{2150E333-8FDC-42A3-9474-1A3956D46DE8}") = "src", "src", "{D0B5A52A-3892-4034-91C5-74E4DBF1EEEF}"
EndProject
Project("{2150E333-8FDC-42A3-9474-1A3956D46DE8}") = ".nuget", ".nuget", "{97A670C3-37C9-4ECB-87E4-5278407145E7}"
	ProjectSection(SolutionItems) = preProject
		.nuget\NuGet.Config = .nuget\NuGet.Config
		.nuget\NuGet.exe = .nuget\NuGet.exe
		.nuget\NuGet.targets = .nuget\NuGet.targets
	EndProjectSection
EndProject
Project("{2150E333-8FDC-42A3-9474-1A3956D46DE8}") = "ledger", "ledger", "{524C7643-81BB-4850-B713-826C0B3A6A5F}"
EndProject
Project("{2150E333-8FDC-42A3-9474-1A3956D46DE8}") = "src", "src", "{33219F05-B5E9-43C2-ABC9-36F226E95761}"
EndProject
Project("{2150E333-8FDC-42A3-9474-1A3956D46DE8}") = "test", "test", "{1C59CC23-D919-4A64-8769-DBCE1BA87B52}"
EndProject
Project("{2150E333-8FDC-42A3-9474-1A3956D46DE8}") = "data", "data", "{40A5ABA6-8392-4BD7-8680-62ADB3542DAF}"
EndProject
Project("{2150E333-8FDC-42A3-9474-1A3956D46DE8}") = "portal", "portal", "{FFFFD82F-50A8-4307-BBF9-88307A61FE37}"
EndProject
Project("{2150E333-8FDC-42A3-9474-1A3956D46DE8}") = "case", "case", "{DACBBDAB-7822-4E75-9EC6-824F8F574ED4}"
EndProject
Project("{FAE04EC0-301F-11D3-BF4B-00C04F79EFBC}") = "Xania.Ledger.Domain", "Xania.Ledger.Domain\Xania.Ledger.Domain.csproj", "{09403585-214B-4B80-BF3F-47B24C5AB70E}"
EndProject
Project("{FAE04EC0-301F-11D3-BF4B-00C04F79EFBC}") = "Xania.DataAccess.Tests", "Xania.DataAccess.Tests\Xania.DataAccess.Tests.csproj", "{BA3B6BB4-97F8-4F6D-839E-9547B05D2090}"
EndProject
Project("{FAE04EC0-301F-11D3-BF4B-00C04F79EFBC}") = "Xania.Ledger.Web", "Xania.Ledger.Web\Xania.Ledger.Web.csproj", "{F8FD76BB-FAB8-4A12-BBCA-F772B92C57EB}"
EndProject
Project("{FAE04EC0-301F-11D3-BF4B-00C04F79EFBC}") = "Xania.Ledger.Tests", "Xania.Ledger.Tests\Xania.Ledger.Tests.csproj", "{510BFE04-808E-461C-974F-B8EE0FDE00E6}"
EndProject
Project("{FAE04EC0-301F-11D3-BF4B-00C04F79EFBC}") = "Xania.WebApi", "Xania.WebApi\Xania.WebApi.csproj", "{9F7C4E0D-1960-4D5A-80CF-C0A7C4EC8A62}"
EndProject
Project("{FAE04EC0-301F-11D3-BF4B-00C04F79EFBC}") = "Case.HtmlApp", "Case.HtmlApp\Case.HtmlApp.csproj", "{1AA5B522-011D-4DE5-BCF7-38EA657482AB}"
EndProject
Project("{9A19103F-16F7-4668-BE54-9A1E7A4F7556}") = "Xania.TemplateJS", "Xania.TemplateJS\Xania.TemplateJS.csproj", "{660FE6B8-1FCE-43B4-AC80-107A323CD73C}"
EndProject
Project("{9A19103F-16F7-4668-BE54-9A1E7A4F7556}") = "Xania.DataAccess", "Xania.DataAccess\Xania.DataAccess.csproj", "{6187E3FF-238F-4354-8F05-13DE0D4C7F8D}"
EndProject
Project("{FAE04EC0-301F-11D3-BF4B-00C04F79EFBC}") = "Xania.QL.Tests", "Xania.QL.Tests\Xania.QL.Tests.csproj", "{4207B701-19D0-421E-990C-306C6378FB19}"
EndProject
Project("{2150E333-8FDC-42A3-9474-1A3956D46DE8}") = "query", "query", "{A8443730-6DE1-46F0-82BF-3590FB367670}"
EndProject
Project("{2150E333-8FDC-42A3-9474-1A3956D46DE8}") = "src", "src", "{9CB55B1D-E86A-4F6C-8728-CF83AA6C615D}"
EndProject
Project("{2150E333-8FDC-42A3-9474-1A3956D46DE8}") = "test", "test", "{FB892B2B-5404-457B-AA65-BBB43F0881A0}"
EndProject
Project("{FAE04EC0-301F-11D3-BF4B-00C04F79EFBC}") = "Xania.DbMigrator", "Xania.DbMigrator\Xania.DbMigrator.csproj", "{5C561E05-E6E1-4CA5-8734-0C942CA59DFF}"
EndProject
Project("{2150E333-8FDC-42A3-9474-1A3956D46DE8}") = "utility", "utility", "{86173180-98EB-44E9-9911-8BF6C1755B91}"
EndProject
Project("{2150E333-8FDC-42A3-9474-1A3956D46DE8}") = "migrator", "migrator", "{28A40CA8-4BF6-4A6D-A517-8B1D2D91336B}"
EndProject
Project("{2150E333-8FDC-42A3-9474-1A3956D46DE8}") = "railway", "railway", "{7C6CD33A-70FF-456E-A5F7-D797A02AE7BB}"
EndProject
Project("{FAE04EC0-301F-11D3-BF4B-00C04F79EFBC}") = "Xania.Railway", "Xania.Railway\Xania.Railway.csproj", "{CC0DFB66-FDD9-4AF5-BBBE-293CE326630C}"
EndProject
Project("{FAE04EC0-301F-11D3-BF4B-00C04F79EFBC}") = "Xania.Models.DocumentDB", "Xania.Models.DocumentDB\Xania.Models.DocumentDB.csproj", "{A0C38B29-4D13-42D5-A8C6-F1C1F41D0117}"
EndProject
Project("{2150E333-8FDC-42A3-9474-1A3956D46DE8}") = "test", "test", "{4169C0CA-A080-4E8B-B8CC-AC0025769A2D}"
EndProject
Project("{2150E333-8FDC-42A3-9474-1A3956D46DE8}") = "src", "src", "{301598A6-066F-4DA3-96EF-2083B462938A}"
EndProject
Project("{FAE04EC0-301F-11D3-BF4B-00C04F79EFBC}") = "Xania.Models.Tests", "Xania.Models.Tests\Xania.Models.Tests.csproj", "{CB0370E3-3625-47B2-84AA-F66DDE4CDDA5}"
EndProject
Project("{FAE04EC0-301F-11D3-BF4B-00C04F79EFBC}") = "Xania.CosmosDb", "Xania.CosmosDb\Xania.CosmosDb.csproj", "{F90C4F00-F5CB-41E9-8079-37D26A2CDFFC}"
EndProject
Project("{FAE04EC0-301F-11D3-BF4B-00C04F79EFBC}") = "Xania.Reflection", "Xania.Reflection\Xania.Reflection.csproj", "{6320F29A-F0C9-48E7-BF6E-A56B0B448352}"
EndProject
Project("{FAE04EC0-301F-11D3-BF4B-00C04F79EFBC}") = "Xania.QL", "Xania.QL\Xania.QL.csproj", "{A8A25CB8-661C-4050-B7E4-C2C8380526B4}"
EndProject
Project("{FAE04EC0-301F-11D3-BF4B-00C04F79EFBC}") = "Xania.CosmosDb.Tests", "Xania.CosmosDb.Tests\Xania.CosmosDb.Tests.csproj", "{9E6C30FD-1BF9-43EB-BFFD-A50EBA2577EF}"
EndProject
Project("{FAE04EC0-301F-11D3-BF4B-00C04F79EFBC}") = "Xania.Graphs", "Xania.Graphs\Xania.Graphs.csproj", "{597C682A-53CD-4BDD-A042-913E45A3EAF0}"
EndProject
Project("{FAE04EC0-301F-11D3-BF4B-00C04F79EFBC}") = "Xania.Graphs.Runtime.Tests", "Xania.Graphs.Runtime.Tests\Xania.Graphs.Runtime.Tests.csproj", "{F2FCC7FF-A28B-4286-B6D5-6F91E675AC7F}"
EndProject
Project("{FAE04EC0-301F-11D3-BF4B-00C04F79EFBC}") = "Xania.Invoice.Domain", "Xania.Invoice.Domain\Xania.Invoice.Domain.csproj", "{629A36A0-0780-4CFD-A3EC-FAA2DBE65753}"
EndProject
Project("{2150E333-8FDC-42A3-9474-1A3956D46DE8}") = "mapper", "mapper", "{9E57CBCA-A80D-469E-B2D7-D341415AFAB3}"
EndProject
Project("{FAE04EC0-301F-11D3-BF4B-00C04F79EFBC}") = "Xania.ObjectMapper", "ObjectMapper\src\Xania.ObjectMapper.csproj", "{27FE5CC3-77E0-4038-AF1C-264C10A7E5BD}"
EndProject
Global
	GlobalSection(SolutionConfigurationPlatforms) = preSolution
		Debug|Any CPU = Debug|Any CPU
		Release|Any CPU = Release|Any CPU
	EndGlobalSection
	GlobalSection(ProjectConfigurationPlatforms) = postSolution
		{09403585-214B-4B80-BF3F-47B24C5AB70E}.Debug|Any CPU.ActiveCfg = Debug|Any CPU
		{09403585-214B-4B80-BF3F-47B24C5AB70E}.Debug|Any CPU.Build.0 = Debug|Any CPU
		{09403585-214B-4B80-BF3F-47B24C5AB70E}.Release|Any CPU.ActiveCfg = Release|Any CPU
		{09403585-214B-4B80-BF3F-47B24C5AB70E}.Release|Any CPU.Build.0 = Release|Any CPU
		{BA3B6BB4-97F8-4F6D-839E-9547B05D2090}.Debug|Any CPU.ActiveCfg = Debug|Any CPU
		{BA3B6BB4-97F8-4F6D-839E-9547B05D2090}.Debug|Any CPU.Build.0 = Debug|Any CPU
		{BA3B6BB4-97F8-4F6D-839E-9547B05D2090}.Release|Any CPU.ActiveCfg = Release|Any CPU
		{BA3B6BB4-97F8-4F6D-839E-9547B05D2090}.Release|Any CPU.Build.0 = Release|Any CPU
		{F8FD76BB-FAB8-4A12-BBCA-F772B92C57EB}.Debug|Any CPU.ActiveCfg = Debug|Any CPU
		{F8FD76BB-FAB8-4A12-BBCA-F772B92C57EB}.Debug|Any CPU.Build.0 = Debug|Any CPU
		{F8FD76BB-FAB8-4A12-BBCA-F772B92C57EB}.Release|Any CPU.ActiveCfg = Release|Any CPU
		{F8FD76BB-FAB8-4A12-BBCA-F772B92C57EB}.Release|Any CPU.Build.0 = Release|Any CPU
		{510BFE04-808E-461C-974F-B8EE0FDE00E6}.Debug|Any CPU.ActiveCfg = Debug|Any CPU
		{510BFE04-808E-461C-974F-B8EE0FDE00E6}.Debug|Any CPU.Build.0 = Debug|Any CPU
		{510BFE04-808E-461C-974F-B8EE0FDE00E6}.Release|Any CPU.ActiveCfg = Release|Any CPU
		{510BFE04-808E-461C-974F-B8EE0FDE00E6}.Release|Any CPU.Build.0 = Release|Any CPU
		{9F7C4E0D-1960-4D5A-80CF-C0A7C4EC8A62}.Debug|Any CPU.ActiveCfg = Debug|Any CPU
		{9F7C4E0D-1960-4D5A-80CF-C0A7C4EC8A62}.Debug|Any CPU.Build.0 = Debug|Any CPU
		{9F7C4E0D-1960-4D5A-80CF-C0A7C4EC8A62}.Release|Any CPU.ActiveCfg = Release|Any CPU
		{9F7C4E0D-1960-4D5A-80CF-C0A7C4EC8A62}.Release|Any CPU.Build.0 = Release|Any CPU
		{1AA5B522-011D-4DE5-BCF7-38EA657482AB}.Debug|Any CPU.ActiveCfg = Debug|Any CPU
		{1AA5B522-011D-4DE5-BCF7-38EA657482AB}.Debug|Any CPU.Build.0 = Debug|Any CPU
		{1AA5B522-011D-4DE5-BCF7-38EA657482AB}.Release|Any CPU.ActiveCfg = Release|Any CPU
		{1AA5B522-011D-4DE5-BCF7-38EA657482AB}.Release|Any CPU.Build.0 = Release|Any CPU
		{660FE6B8-1FCE-43B4-AC80-107A323CD73C}.Debug|Any CPU.ActiveCfg = Debug|Any CPU
		{660FE6B8-1FCE-43B4-AC80-107A323CD73C}.Debug|Any CPU.Build.0 = Debug|Any CPU
		{660FE6B8-1FCE-43B4-AC80-107A323CD73C}.Release|Any CPU.ActiveCfg = Release|Any CPU
		{660FE6B8-1FCE-43B4-AC80-107A323CD73C}.Release|Any CPU.Build.0 = Release|Any CPU
		{6187E3FF-238F-4354-8F05-13DE0D4C7F8D}.Debug|Any CPU.ActiveCfg = Debug|Any CPU
		{6187E3FF-238F-4354-8F05-13DE0D4C7F8D}.Debug|Any CPU.Build.0 = Debug|Any CPU
		{6187E3FF-238F-4354-8F05-13DE0D4C7F8D}.Release|Any CPU.ActiveCfg = Release|Any CPU
		{6187E3FF-238F-4354-8F05-13DE0D4C7F8D}.Release|Any CPU.Build.0 = Release|Any CPU
		{4207B701-19D0-421E-990C-306C6378FB19}.Debug|Any CPU.ActiveCfg = Debug|Any CPU
		{4207B701-19D0-421E-990C-306C6378FB19}.Debug|Any CPU.Build.0 = Debug|Any CPU
		{4207B701-19D0-421E-990C-306C6378FB19}.Release|Any CPU.ActiveCfg = Release|Any CPU
		{4207B701-19D0-421E-990C-306C6378FB19}.Release|Any CPU.Build.0 = Release|Any CPU
		{5C561E05-E6E1-4CA5-8734-0C942CA59DFF}.Debug|Any CPU.ActiveCfg = Debug|Any CPU
		{5C561E05-E6E1-4CA5-8734-0C942CA59DFF}.Debug|Any CPU.Build.0 = Debug|Any CPU
		{5C561E05-E6E1-4CA5-8734-0C942CA59DFF}.Release|Any CPU.ActiveCfg = Release|Any CPU
		{5C561E05-E6E1-4CA5-8734-0C942CA59DFF}.Release|Any CPU.Build.0 = Release|Any CPU
		{CC0DFB66-FDD9-4AF5-BBBE-293CE326630C}.Debug|Any CPU.ActiveCfg = Debug|Any CPU
		{CC0DFB66-FDD9-4AF5-BBBE-293CE326630C}.Debug|Any CPU.Build.0 = Debug|Any CPU
		{CC0DFB66-FDD9-4AF5-BBBE-293CE326630C}.Release|Any CPU.ActiveCfg = Release|Any CPU
		{CC0DFB66-FDD9-4AF5-BBBE-293CE326630C}.Release|Any CPU.Build.0 = Release|Any CPU
		{A0C38B29-4D13-42D5-A8C6-F1C1F41D0117}.Debug|Any CPU.ActiveCfg = Debug|Any CPU
		{A0C38B29-4D13-42D5-A8C6-F1C1F41D0117}.Debug|Any CPU.Build.0 = Debug|Any CPU
		{A0C38B29-4D13-42D5-A8C6-F1C1F41D0117}.Release|Any CPU.ActiveCfg = Release|Any CPU
		{A0C38B29-4D13-42D5-A8C6-F1C1F41D0117}.Release|Any CPU.Build.0 = Release|Any CPU
		{CB0370E3-3625-47B2-84AA-F66DDE4CDDA5}.Debug|Any CPU.ActiveCfg = Debug|Any CPU
		{CB0370E3-3625-47B2-84AA-F66DDE4CDDA5}.Debug|Any CPU.Build.0 = Debug|Any CPU
		{CB0370E3-3625-47B2-84AA-F66DDE4CDDA5}.Release|Any CPU.ActiveCfg = Release|Any CPU
		{CB0370E3-3625-47B2-84AA-F66DDE4CDDA5}.Release|Any CPU.Build.0 = Release|Any CPU
		{F90C4F00-F5CB-41E9-8079-37D26A2CDFFC}.Debug|Any CPU.ActiveCfg = Debug|Any CPU
		{F90C4F00-F5CB-41E9-8079-37D26A2CDFFC}.Debug|Any CPU.Build.0 = Debug|Any CPU
		{F90C4F00-F5CB-41E9-8079-37D26A2CDFFC}.Release|Any CPU.ActiveCfg = Release|Any CPU
		{F90C4F00-F5CB-41E9-8079-37D26A2CDFFC}.Release|Any CPU.Build.0 = Release|Any CPU
		{6320F29A-F0C9-48E7-BF6E-A56B0B448352}.Debug|Any CPU.ActiveCfg = Debug|Any CPU
		{6320F29A-F0C9-48E7-BF6E-A56B0B448352}.Debug|Any CPU.Build.0 = Debug|Any CPU
		{6320F29A-F0C9-48E7-BF6E-A56B0B448352}.Release|Any CPU.ActiveCfg = Release|Any CPU
		{6320F29A-F0C9-48E7-BF6E-A56B0B448352}.Release|Any CPU.Build.0 = Release|Any CPU
		{A8A25CB8-661C-4050-B7E4-C2C8380526B4}.Debug|Any CPU.ActiveCfg = Debug|Any CPU
		{A8A25CB8-661C-4050-B7E4-C2C8380526B4}.Debug|Any CPU.Build.0 = Debug|Any CPU
		{A8A25CB8-661C-4050-B7E4-C2C8380526B4}.Release|Any CPU.ActiveCfg = Release|Any CPU
		{A8A25CB8-661C-4050-B7E4-C2C8380526B4}.Release|Any CPU.Build.0 = Release|Any CPU
		{9E6C30FD-1BF9-43EB-BFFD-A50EBA2577EF}.Debug|Any CPU.ActiveCfg = Debug|Any CPU
		{9E6C30FD-1BF9-43EB-BFFD-A50EBA2577EF}.Debug|Any CPU.Build.0 = Debug|Any CPU
		{9E6C30FD-1BF9-43EB-BFFD-A50EBA2577EF}.Release|Any CPU.ActiveCfg = Release|Any CPU
		{9E6C30FD-1BF9-43EB-BFFD-A50EBA2577EF}.Release|Any CPU.Build.0 = Release|Any CPU
		{597C682A-53CD-4BDD-A042-913E45A3EAF0}.Debug|Any CPU.ActiveCfg = Debug|Any CPU
		{597C682A-53CD-4BDD-A042-913E45A3EAF0}.Debug|Any CPU.Build.0 = Debug|Any CPU
		{597C682A-53CD-4BDD-A042-913E45A3EAF0}.Release|Any CPU.ActiveCfg = Release|Any CPU
		{597C682A-53CD-4BDD-A042-913E45A3EAF0}.Release|Any CPU.Build.0 = Release|Any CPU
		{F2FCC7FF-A28B-4286-B6D5-6F91E675AC7F}.Debug|Any CPU.ActiveCfg = Debug|Any CPU
		{F2FCC7FF-A28B-4286-B6D5-6F91E675AC7F}.Debug|Any CPU.Build.0 = Debug|Any CPU
		{F2FCC7FF-A28B-4286-B6D5-6F91E675AC7F}.Release|Any CPU.ActiveCfg = Release|Any CPU
		{F2FCC7FF-A28B-4286-B6D5-6F91E675AC7F}.Release|Any CPU.Build.0 = Release|Any CPU
		{629A36A0-0780-4CFD-A3EC-FAA2DBE65753}.Debug|Any CPU.ActiveCfg = Debug|Any CPU
		{629A36A0-0780-4CFD-A3EC-FAA2DBE65753}.Debug|Any CPU.Build.0 = Debug|Any CPU
		{629A36A0-0780-4CFD-A3EC-FAA2DBE65753}.Release|Any CPU.ActiveCfg = Release|Any CPU
		{629A36A0-0780-4CFD-A3EC-FAA2DBE65753}.Release|Any CPU.Build.0 = Release|Any CPU
		{27FE5CC3-77E0-4038-AF1C-264C10A7E5BD}.Debug|Any CPU.ActiveCfg = Debug|Any CPU
		{27FE5CC3-77E0-4038-AF1C-264C10A7E5BD}.Debug|Any CPU.Build.0 = Debug|Any CPU
		{27FE5CC3-77E0-4038-AF1C-264C10A7E5BD}.Release|Any CPU.ActiveCfg = Release|Any CPU
		{27FE5CC3-77E0-4038-AF1C-264C10A7E5BD}.Release|Any CPU.Build.0 = Release|Any CPU
	EndGlobalSection
	GlobalSection(SolutionProperties) = preSolution
		HideSolutionNode = FALSE
	EndGlobalSection
	GlobalSection(NestedProjects) = preSolution
		{2E94C4D9-0FA1-4CEC-B1E2-1BD68156A10C} = {40A5ABA6-8392-4BD7-8680-62ADB3542DAF}
		{D0B5A52A-3892-4034-91C5-74E4DBF1EEEF} = {40A5ABA6-8392-4BD7-8680-62ADB3542DAF}
		{33219F05-B5E9-43C2-ABC9-36F226E95761} = {524C7643-81BB-4850-B713-826C0B3A6A5F}
		{1C59CC23-D919-4A64-8769-DBCE1BA87B52} = {524C7643-81BB-4850-B713-826C0B3A6A5F}
		{09403585-214B-4B80-BF3F-47B24C5AB70E} = {33219F05-B5E9-43C2-ABC9-36F226E95761}
		{BA3B6BB4-97F8-4F6D-839E-9547B05D2090} = {2E94C4D9-0FA1-4CEC-B1E2-1BD68156A10C}
		{F8FD76BB-FAB8-4A12-BBCA-F772B92C57EB} = {33219F05-B5E9-43C2-ABC9-36F226E95761}
		{510BFE04-808E-461C-974F-B8EE0FDE00E6} = {1C59CC23-D919-4A64-8769-DBCE1BA87B52}
		{9F7C4E0D-1960-4D5A-80CF-C0A7C4EC8A62} = {2E94C4D9-0FA1-4CEC-B1E2-1BD68156A10C}
		{1AA5B522-011D-4DE5-BCF7-38EA657482AB} = {DACBBDAB-7822-4E75-9EC6-824F8F574ED4}
		{660FE6B8-1FCE-43B4-AC80-107A323CD73C} = {301598A6-066F-4DA3-96EF-2083B462938A}
		{6187E3FF-238F-4354-8F05-13DE0D4C7F8D} = {D0B5A52A-3892-4034-91C5-74E4DBF1EEEF}
		{4207B701-19D0-421E-990C-306C6378FB19} = {FB892B2B-5404-457B-AA65-BBB43F0881A0}
		{9CB55B1D-E86A-4F6C-8728-CF83AA6C615D} = {A8443730-6DE1-46F0-82BF-3590FB367670}
		{FB892B2B-5404-457B-AA65-BBB43F0881A0} = {A8443730-6DE1-46F0-82BF-3590FB367670}
		{5C561E05-E6E1-4CA5-8734-0C942CA59DFF} = {28A40CA8-4BF6-4A6D-A517-8B1D2D91336B}
		{28A40CA8-4BF6-4A6D-A517-8B1D2D91336B} = {86173180-98EB-44E9-9911-8BF6C1755B91}
		{7C6CD33A-70FF-456E-A5F7-D797A02AE7BB} = {86173180-98EB-44E9-9911-8BF6C1755B91}
		{CC0DFB66-FDD9-4AF5-BBBE-293CE326630C} = {7C6CD33A-70FF-456E-A5F7-D797A02AE7BB}
		{A0C38B29-4D13-42D5-A8C6-F1C1F41D0117} = {301598A6-066F-4DA3-96EF-2083B462938A}
		{4169C0CA-A080-4E8B-B8CC-AC0025769A2D} = {FFFFD82F-50A8-4307-BBF9-88307A61FE37}
		{301598A6-066F-4DA3-96EF-2083B462938A} = {FFFFD82F-50A8-4307-BBF9-88307A61FE37}
		{CB0370E3-3625-47B2-84AA-F66DDE4CDDA5} = {4169C0CA-A080-4E8B-B8CC-AC0025769A2D}
		{F90C4F00-F5CB-41E9-8079-37D26A2CDFFC} = {D0B5A52A-3892-4034-91C5-74E4DBF1EEEF}
		{6320F29A-F0C9-48E7-BF6E-A56B0B448352} = {D0B5A52A-3892-4034-91C5-74E4DBF1EEEF}
		{A8A25CB8-661C-4050-B7E4-C2C8380526B4} = {9CB55B1D-E86A-4F6C-8728-CF83AA6C615D}
		{9E6C30FD-1BF9-43EB-BFFD-A50EBA2577EF} = {2E94C4D9-0FA1-4CEC-B1E2-1BD68156A10C}
		{597C682A-53CD-4BDD-A042-913E45A3EAF0} = {D0B5A52A-3892-4034-91C5-74E4DBF1EEEF}
		{F2FCC7FF-A28B-4286-B6D5-6F91E675AC7F} = {2E94C4D9-0FA1-4CEC-B1E2-1BD68156A10C}
		{629A36A0-0780-4CFD-A3EC-FAA2DBE65753} = {301598A6-066F-4DA3-96EF-2083B462938A}
		{9E57CBCA-A80D-469E-B2D7-D341415AFAB3} = {86173180-98EB-44E9-9911-8BF6C1755B91}
		{27FE5CC3-77E0-4038-AF1C-264C10A7E5BD} = {9E57CBCA-A80D-469E-B2D7-D341415AFAB3}
	EndGlobalSection
	GlobalSection(ExtensibilityGlobals) = postSolution
		SolutionGuid = {8F4FAC4E-FF7F-4A0F-9F2D-40599DDE98BC}
	EndGlobalSection
EndGlobal
