
Microsoft Visual Studio Solution File, Format Version 12.00
# Visual Studio 14
VisualStudioVersion = 14.0.25420.1
MinimumVisualStudioVersion = 10.0.40219.1
Project("{FAE04EC0-301F-11D3-BF4B-00C04F79EFBC}") = "Xania.Ledger.Domain", "Xania.Ledger.Domain\Xania.Ledger.Domain.csproj", "{09403585-214B-4B80-BF3F-47B24C5AB70E}"
EndProject
Project("{2150E333-8FDC-42A3-9474-1A3956D46DE8}") = "test", "test", "{2E94C4D9-0FA1-4CEC-B1E2-1BD68156A10C}"
EndProject
Project("{2150E333-8FDC-42A3-9474-1A3956D46DE8}") = "src", "src", "{D0B5A52A-3892-4034-91C5-74E4DBF1EEEF}"
EndProject
Project("{FAE04EC0-301F-11D3-BF4B-00C04F79EFBC}") = "Xania.DataAccess.Tests", "Xania.DataAccess.Tests\Xania.DataAccess.Tests.csproj", "{BA3B6BB4-97F8-4F6D-839E-9547B05D2090}"
EndProject
Project("{2150E333-8FDC-42A3-9474-1A3956D46DE8}") = ".nuget", ".nuget", "{97A670C3-37C9-4ECB-87E4-5278407145E7}"
	ProjectSection(SolutionItems) = preProject
		.nuget\NuGet.Config = .nuget\NuGet.Config
		.nuget\NuGet.exe = .nuget\NuGet.exe
		.nuget\NuGet.targets = .nuget\NuGet.targets
	EndProjectSection
EndProject
Project("{2150E333-8FDC-42A3-9474-1A3956D46DE8}") = "ledger", "ledger", "{524C7643-81BB-4850-B713-826C0B3A6A5F}"
EndProject
Project("{2150E333-8FDC-42A3-9474-1A3956D46DE8}") = "src", "src", "{33219F05-B5E9-43C2-ABC9-36F226E95761}"
EndProject
Project("{2150E333-8FDC-42A3-9474-1A3956D46DE8}") = "test", "test", "{1C59CC23-D919-4A64-8769-DBCE1BA87B52}"
EndProject
Project("{2150E333-8FDC-42A3-9474-1A3956D46DE8}") = "cross", "cross", "{40A5ABA6-8392-4BD7-8680-62ADB3542DAF}"
EndProject
Project("{FAE04EC0-301F-11D3-BF4B-00C04F79EFBC}") = "Xania.Ledger.Web", "Xania.Ledger.Web\Xania.Ledger.Web.csproj", "{F8FD76BB-FAB8-4A12-BBCA-F772B92C57EB}"
EndProject
Project("{FAE04EC0-301F-11D3-BF4B-00C04F79EFBC}") = "Xania.Ledger.Tests", "Xania.Ledger.Tests\Xania.Ledger.Tests.csproj", "{510BFE04-808E-461C-974F-B8EE0FDE00E6}"
EndProject
Project("{2150E333-8FDC-42A3-9474-1A3956D46DE8}") = "html", "html", "{FFFFD82F-50A8-4307-BBF9-88307A61FE37}"
EndProject
Project("{FAE04EC0-301F-11D3-BF4B-00C04F79EFBC}") = "Xania.WebApi", "Xania.WebApi\Xania.WebApi.csproj", "{9F7C4E0D-1960-4D5A-80CF-C0A7C4EC8A62}"
EndProject
Project("{2150E333-8FDC-42A3-9474-1A3956D46DE8}") = "case", "case", "{DACBBDAB-7822-4E75-9EC6-824F8F574ED4}"
EndProject
Project("{FAE04EC0-301F-11D3-BF4B-00C04F79EFBC}") = "Case.HtmlApp", "Case.HtmlApp\Case.HtmlApp.csproj", "{1AA5B522-011D-4DE5-BCF7-38EA657482AB}"
EndProject
Project("{8BB2217D-0F2D-49D1-97BC-3654ED321F3B}") = "Xania.TemplateJS", "Xania.TemplateJS\Xania.TemplateJS.xproj", "{660FE6B8-1FCE-43B4-AC80-107A323CD73C}"
EndProject
Project("{FAE04EC0-301F-11D3-BF4B-00C04F79EFBC}") = "Xania.Web", "Xania.Web\Xania.Web.csproj", "{D4A5A4F5-1B73-4A3A-949B-5EF325856249}"
EndProject
Project("{8BB2217D-0F2D-49D1-97BC-3654ED321F3B}") = "Xania.DataAccess", "Xania.DataAccess\Xania.DataAccess.xproj", "{6187E3FF-238F-4354-8F05-13DE0D4C7F8D}"
EndProject
Project("{8BB2217D-0F2D-49D1-97BC-3654ED321F3B}") = "Xania.AdminUI", "Xania.AdminUI\Xania.AdminUI.xproj", "{0E411903-4D2B-4BB8-BE25-521EB05D0058}"
EndProject
Global
	GlobalSection(SolutionConfigurationPlatforms) = preSolution
		Debug|Any CPU = Debug|Any CPU
		Release|Any CPU = Release|Any CPU
	EndGlobalSection
	GlobalSection(ProjectConfigurationPlatforms) = postSolution
		{09403585-214B-4B80-BF3F-47B24C5AB70E}.Debug|Any CPU.ActiveCfg = Debug|Any CPU
		{09403585-214B-4B80-BF3F-47B24C5AB70E}.Debug|Any CPU.Build.0 = Debug|Any CPU
		{09403585-214B-4B80-BF3F-47B24C5AB70E}.Release|Any CPU.ActiveCfg = Release|Any CPU
		{09403585-214B-4B80-BF3F-47B24C5AB70E}.Release|Any CPU.Build.0 = Release|Any CPU
		{BA3B6BB4-97F8-4F6D-839E-9547B05D2090}.Debug|Any CPU.ActiveCfg = Debug|Any CPU
		{BA3B6BB4-97F8-4F6D-839E-9547B05D2090}.Debug|Any CPU.Build.0 = Debug|Any CPU
		{BA3B6BB4-97F8-4F6D-839E-9547B05D2090}.Release|Any CPU.ActiveCfg = Release|Any CPU
		{BA3B6BB4-97F8-4F6D-839E-9547B05D2090}.Release|Any CPU.Build.0 = Release|Any CPU
		{F8FD76BB-FAB8-4A12-BBCA-F772B92C57EB}.Debug|Any CPU.ActiveCfg = Debug|Any CPU
		{F8FD76BB-FAB8-4A12-BBCA-F772B92C57EB}.Debug|Any CPU.Build.0 = Debug|Any CPU
		{F8FD76BB-FAB8-4A12-BBCA-F772B92C57EB}.Release|Any CPU.ActiveCfg = Release|Any CPU
		{F8FD76BB-FAB8-4A12-BBCA-F772B92C57EB}.Release|Any CPU.Build.0 = Release|Any CPU
		{510BFE04-808E-461C-974F-B8EE0FDE00E6}.Debug|Any CPU.ActiveCfg = Debug|Any CPU
		{510BFE04-808E-461C-974F-B8EE0FDE00E6}.Debug|Any CPU.Build.0 = Debug|Any CPU
		{510BFE04-808E-461C-974F-B8EE0FDE00E6}.Release|Any CPU.ActiveCfg = Release|Any CPU
		{510BFE04-808E-461C-974F-B8EE0FDE00E6}.Release|Any CPU.Build.0 = Release|Any CPU
		{9F7C4E0D-1960-4D5A-80CF-C0A7C4EC8A62}.Debug|Any CPU.ActiveCfg = Debug|Any CPU
		{9F7C4E0D-1960-4D5A-80CF-C0A7C4EC8A62}.Debug|Any CPU.Build.0 = Debug|Any CPU
		{9F7C4E0D-1960-4D5A-80CF-C0A7C4EC8A62}.Release|Any CPU.ActiveCfg = Release|Any CPU
		{9F7C4E0D-1960-4D5A-80CF-C0A7C4EC8A62}.Release|Any CPU.Build.0 = Release|Any CPU
		{1AA5B522-011D-4DE5-BCF7-38EA657482AB}.Debug|Any CPU.ActiveCfg = Debug|Any CPU
		{1AA5B522-011D-4DE5-BCF7-38EA657482AB}.Debug|Any CPU.Build.0 = Debug|Any CPU
		{1AA5B522-011D-4DE5-BCF7-38EA657482AB}.Release|Any CPU.ActiveCfg = Release|Any CPU
		{1AA5B522-011D-4DE5-BCF7-38EA657482AB}.Release|Any CPU.Build.0 = Release|Any CPU
		{660FE6B8-1FCE-43B4-AC80-107A323CD73C}.Debug|Any CPU.ActiveCfg = Debug|Any CPU
		{660FE6B8-1FCE-43B4-AC80-107A323CD73C}.Debug|Any CPU.Build.0 = Debug|Any CPU
		{660FE6B8-1FCE-43B4-AC80-107A323CD73C}.Release|Any CPU.ActiveCfg = Release|Any CPU
		{660FE6B8-1FCE-43B4-AC80-107A323CD73C}.Release|Any CPU.Build.0 = Release|Any CPU
		{D4A5A4F5-1B73-4A3A-949B-5EF325856249}.Debug|Any CPU.ActiveCfg = Debug|Any CPU
		{D4A5A4F5-1B73-4A3A-949B-5EF325856249}.Debug|Any CPU.Build.0 = Debug|Any CPU
		{D4A5A4F5-1B73-4A3A-949B-5EF325856249}.Release|Any CPU.ActiveCfg = Release|Any CPU
		{D4A5A4F5-1B73-4A3A-949B-5EF325856249}.Release|Any CPU.Build.0 = Release|Any CPU
		{6187E3FF-238F-4354-8F05-13DE0D4C7F8D}.Debug|Any CPU.ActiveCfg = Debug|Any CPU
		{6187E3FF-238F-4354-8F05-13DE0D4C7F8D}.Debug|Any CPU.Build.0 = Debug|Any CPU
		{6187E3FF-238F-4354-8F05-13DE0D4C7F8D}.Release|Any CPU.ActiveCfg = Release|Any CPU
		{6187E3FF-238F-4354-8F05-13DE0D4C7F8D}.Release|Any CPU.Build.0 = Release|Any CPU
		{0E411903-4D2B-4BB8-BE25-521EB05D0058}.Debug|Any CPU.ActiveCfg = Debug|Any CPU
		{0E411903-4D2B-4BB8-BE25-521EB05D0058}.Debug|Any CPU.Build.0 = Debug|Any CPU
		{0E411903-4D2B-4BB8-BE25-521EB05D0058}.Release|Any CPU.ActiveCfg = Release|Any CPU
		{0E411903-4D2B-4BB8-BE25-521EB05D0058}.Release|Any CPU.Build.0 = Release|Any CPU
	EndGlobalSection
	GlobalSection(SolutionProperties) = preSolution
		HideSolutionNode = FALSE
	EndGlobalSection
	GlobalSection(NestedProjects) = preSolution
		{09403585-214B-4B80-BF3F-47B24C5AB70E} = {33219F05-B5E9-43C2-ABC9-36F226E95761}
		{2E94C4D9-0FA1-4CEC-B1E2-1BD68156A10C} = {40A5ABA6-8392-4BD7-8680-62ADB3542DAF}
		{D0B5A52A-3892-4034-91C5-74E4DBF1EEEF} = {40A5ABA6-8392-4BD7-8680-62ADB3542DAF}
		{BA3B6BB4-97F8-4F6D-839E-9547B05D2090} = {2E94C4D9-0FA1-4CEC-B1E2-1BD68156A10C}
		{33219F05-B5E9-43C2-ABC9-36F226E95761} = {524C7643-81BB-4850-B713-826C0B3A6A5F}
		{1C59CC23-D919-4A64-8769-DBCE1BA87B52} = {524C7643-81BB-4850-B713-826C0B3A6A5F}
		{F8FD76BB-FAB8-4A12-BBCA-F772B92C57EB} = {33219F05-B5E9-43C2-ABC9-36F226E95761}
		{510BFE04-808E-461C-974F-B8EE0FDE00E6} = {1C59CC23-D919-4A64-8769-DBCE1BA87B52}
		{9F7C4E0D-1960-4D5A-80CF-C0A7C4EC8A62} = {D0B5A52A-3892-4034-91C5-74E4DBF1EEEF}
		{1AA5B522-011D-4DE5-BCF7-38EA657482AB} = {DACBBDAB-7822-4E75-9EC6-824F8F574ED4}
		{660FE6B8-1FCE-43B4-AC80-107A323CD73C} = {FFFFD82F-50A8-4307-BBF9-88307A61FE37}
		{6187E3FF-238F-4354-8F05-13DE0D4C7F8D} = {D0B5A52A-3892-4034-91C5-74E4DBF1EEEF}
		{0E411903-4D2B-4BB8-BE25-521EB05D0058} = {FFFFD82F-50A8-4307-BBF9-88307A61FE37}
	EndGlobalSection
EndGlobal
