
Microsoft Visual Studio Solution File, Format Version 12.00
# Visual Studio 15
VisualStudioVersion = 15.0.26430.15
MinimumVisualStudioVersion = 10.0.40219.1
Project("{2150E333-8FDC-42A3-9474-1A3956D46DE8}") = "test", "test", "{2E94C4D9-0FA1-4CEC-B1E2-1BD68156A10C}"
EndProject
Project("{2150E333-8FDC-42A3-9474-1A3956D46DE8}") = "src", "src", "{D0B5A52A-3892-4034-91C5-74E4DBF1EEEF}"
EndProject
Project("{2150E333-8FDC-42A3-9474-1A3956D46DE8}") = ".nuget", ".nuget", "{97A670C3-37C9-4ECB-87E4-5278407145E7}"
	ProjectSection(SolutionItems) = preProject
		.nuget\NuGet.Config = .nuget\NuGet.Config
		.nuget\NuGet.exe = .nuget\NuGet.exe
		.nuget\NuGet.targets = .nuget\NuGet.targets
	EndProjectSection
EndProject
Project("{2150E333-8FDC-42A3-9474-1A3956D46DE8}") = "ledger", "ledger", "{524C7643-81BB-4850-B713-826C0B3A6A5F}"
EndProject
Project("{2150E333-8FDC-42A3-9474-1A3956D46DE8}") = "src", "src", "{33219F05-B5E9-43C2-ABC9-36F226E95761}"
EndProject
Project("{2150E333-8FDC-42A3-9474-1A3956D46DE8}") = "test", "test", "{1C59CC23-D919-4A64-8769-DBCE1BA87B52}"
EndProject
Project("{2150E333-8FDC-42A3-9474-1A3956D46DE8}") = "cross", "cross", "{40A5ABA6-8392-4BD7-8680-62ADB3542DAF}"
EndProject
Project("{2150E333-8FDC-42A3-9474-1A3956D46DE8}") = "html", "html", "{FFFFD82F-50A8-4307-BBF9-88307A61FE37}"
EndProject
Project("{2150E333-8FDC-42A3-9474-1A3956D46DE8}") = "case", "case", "{DACBBDAB-7822-4E75-9EC6-824F8F574ED4}"
EndProject
Project("{FAE04EC0-301F-11D3-BF4B-00C04F79EFBC}") = "Xania.Ledger.Domain", "Xania.Ledger.Domain\Xania.Ledger.Domain.csproj", "{09403585-214B-4B80-BF3F-47B24C5AB70E}"
EndProject
Project("{FAE04EC0-301F-11D3-BF4B-00C04F79EFBC}") = "Xania.DataAccess.Tests", "Xania.DataAccess.Tests\Xania.DataAccess.Tests.csproj", "{BA3B6BB4-97F8-4F6D-839E-9547B05D2090}"
EndProject
Project("{FAE04EC0-301F-11D3-BF4B-00C04F79EFBC}") = "Xania.Ledger.Web", "Xania.Ledger.Web\Xania.Ledger.Web.csproj", "{F8FD76BB-FAB8-4A12-BBCA-F772B92C57EB}"
EndProject
Project("{FAE04EC0-301F-11D3-BF4B-00C04F79EFBC}") = "Xania.Ledger.Tests", "Xania.Ledger.Tests\Xania.Ledger.Tests.csproj", "{510BFE04-808E-461C-974F-B8EE0FDE00E6}"
EndProject
Project("{FAE04EC0-301F-11D3-BF4B-00C04F79EFBC}") = "Xania.WebApi", "Xania.WebApi\Xania.WebApi.csproj", "{9F7C4E0D-1960-4D5A-80CF-C0A7C4EC8A62}"
EndProject
Project("{FAE04EC0-301F-11D3-BF4B-00C04F79EFBC}") = "Case.HtmlApp", "Case.HtmlApp\Case.HtmlApp.csproj", "{1AA5B522-011D-4DE5-BCF7-38EA657482AB}"
EndProject
Project("{9A19103F-16F7-4668-BE54-9A1E7A4F7556}") = "Xania.TemplateJS", "Xania.TemplateJS\Xania.TemplateJS.csproj", "{660FE6B8-1FCE-43B4-AC80-107A323CD73C}"
EndProject
Project("{FAE04EC0-301F-11D3-BF4B-00C04F79EFBC}") = "Xania.Web", "Xania.Web\Xania.Web.csproj", "{D4A5A4F5-1B73-4A3A-949B-5EF325856249}"
EndProject
Project("{9A19103F-16F7-4668-BE54-9A1E7A4F7556}") = "Xania.DataAccess", "Xania.DataAccess\Xania.DataAccess.csproj", "{6187E3FF-238F-4354-8F05-13DE0D4C7F8D}"
EndProject
Project("{9A19103F-16F7-4668-BE54-9A1E7A4F7556}") = "Xania.QL", "Xania.QL\Xania.QL.csproj", "{95264966-9E27-48AB-B039-198A6F6CAB3C}"
EndProject
Project("{FAE04EC0-301F-11D3-BF4B-00C04F79EFBC}") = "Xania.QL.Tests", "Xania.QL.Tests\Xania.QL.Tests.csproj", "{4207B701-19D0-421E-990C-306C6378FB19}"
EndProject
Project("{2150E333-8FDC-42A3-9474-1A3956D46DE8}") = "query", "query", "{A8443730-6DE1-46F0-82BF-3590FB367670}"
EndProject
Project("{2150E333-8FDC-42A3-9474-1A3956D46DE8}") = "src", "src", "{9CB55B1D-E86A-4F6C-8728-CF83AA6C615D}"
EndProject
Project("{2150E333-8FDC-42A3-9474-1A3956D46DE8}") = "test", "test", "{FB892B2B-5404-457B-AA65-BBB43F0881A0}"
EndProject
Project("{FAE04EC0-301F-11D3-BF4B-00C04F79EFBC}") = "Xania.DbMigrator", "Xania.DbMigrator\Xania.DbMigrator.csproj", "{5C561E05-E6E1-4CA5-8734-0C942CA59DFF}"
EndProject
Project("{2150E333-8FDC-42A3-9474-1A3956D46DE8}") = "db", "db", "{86173180-98EB-44E9-9911-8BF6C1755B91}"
EndProject
Project("{2150E333-8FDC-42A3-9474-1A3956D46DE8}") = "src", "src", "{28A40CA8-4BF6-4A6D-A517-8B1D2D91336B}"
EndProject
Global
	GlobalSection(SolutionConfigurationPlatforms) = preSolution
		Debug|Any CPU = Debug|Any CPU
		Release|Any CPU = Release|Any CPU
	EndGlobalSection
	GlobalSection(ProjectConfigurationPlatforms) = postSolution
		{09403585-214B-4B80-BF3F-47B24C5AB70E}.Debug|Any CPU.ActiveCfg = Debug|Any CPU
		{09403585-214B-4B80-BF3F-47B24C5AB70E}.Debug|Any CPU.Build.0 = Debug|Any CPU
		{09403585-214B-4B80-BF3F-47B24C5AB70E}.Release|Any CPU.ActiveCfg = Release|Any CPU
		{09403585-214B-4B80-BF3F-47B24C5AB70E}.Release|Any CPU.Build.0 = Release|Any CPU
		{BA3B6BB4-97F8-4F6D-839E-9547B05D2090}.Debug|Any CPU.ActiveCfg = Debug|Any CPU
		{BA3B6BB4-97F8-4F6D-839E-9547B05D2090}.Debug|Any CPU.Build.0 = Debug|Any CPU
		{BA3B6BB4-97F8-4F6D-839E-9547B05D2090}.Release|Any CPU.ActiveCfg = Release|Any CPU
		{BA3B6BB4-97F8-4F6D-839E-9547B05D2090}.Release|Any CPU.Build.0 = Release|Any CPU
		{F8FD76BB-FAB8-4A12-BBCA-F772B92C57EB}.Debug|Any CPU.ActiveCfg = Debug|Any CPU
		{F8FD76BB-FAB8-4A12-BBCA-F772B92C57EB}.Debug|Any CPU.Build.0 = Debug|Any CPU
		{F8FD76BB-FAB8-4A12-BBCA-F772B92C57EB}.Release|Any CPU.ActiveCfg = Release|Any CPU
		{F8FD76BB-FAB8-4A12-BBCA-F772B92C57EB}.Release|Any CPU.Build.0 = Release|Any CPU
		{510BFE04-808E-461C-974F-B8EE0FDE00E6}.Debug|Any CPU.ActiveCfg = Debug|Any CPU
		{510BFE04-808E-461C-974F-B8EE0FDE00E6}.Debug|Any CPU.Build.0 = Debug|Any CPU
		{510BFE04-808E-461C-974F-B8EE0FDE00E6}.Release|Any CPU.ActiveCfg = Release|Any CPU
		{510BFE04-808E-461C-974F-B8EE0FDE00E6}.Release|Any CPU.Build.0 = Release|Any CPU
		{9F7C4E0D-1960-4D5A-80CF-C0A7C4EC8A62}.Debug|Any CPU.ActiveCfg = Debug|Any CPU
		{9F7C4E0D-1960-4D5A-80CF-C0A7C4EC8A62}.Debug|Any CPU.Build.0 = Debug|Any CPU
		{9F7C4E0D-1960-4D5A-80CF-C0A7C4EC8A62}.Release|Any CPU.ActiveCfg = Release|Any CPU
		{9F7C4E0D-1960-4D5A-80CF-C0A7C4EC8A62}.Release|Any CPU.Build.0 = Release|Any CPU
		{1AA5B522-011D-4DE5-BCF7-38EA657482AB}.Debug|Any CPU.ActiveCfg = Debug|Any CPU
		{1AA5B522-011D-4DE5-BCF7-38EA657482AB}.Debug|Any CPU.Build.0 = Debug|Any CPU
		{1AA5B522-011D-4DE5-BCF7-38EA657482AB}.Release|Any CPU.ActiveCfg = Release|Any CPU
		{1AA5B522-011D-4DE5-BCF7-38EA657482AB}.Release|Any CPU.Build.0 = Release|Any CPU
		{660FE6B8-1FCE-43B4-AC80-107A323CD73C}.Debug|Any CPU.ActiveCfg = Debug|Any CPU
		{660FE6B8-1FCE-43B4-AC80-107A323CD73C}.Debug|Any CPU.Build.0 = Debug|Any CPU
		{660FE6B8-1FCE-43B4-AC80-107A323CD73C}.Release|Any CPU.ActiveCfg = Release|Any CPU
		{660FE6B8-1FCE-43B4-AC80-107A323CD73C}.Release|Any CPU.Build.0 = Release|Any CPU
		{D4A5A4F5-1B73-4A3A-949B-5EF325856249}.Debug|Any CPU.ActiveCfg = Debug|Any CPU
		{D4A5A4F5-1B73-4A3A-949B-5EF325856249}.Debug|Any CPU.Build.0 = Debug|Any CPU
		{D4A5A4F5-1B73-4A3A-949B-5EF325856249}.Release|Any CPU.ActiveCfg = Release|Any CPU
		{D4A5A4F5-1B73-4A3A-949B-5EF325856249}.Release|Any CPU.Build.0 = Release|Any CPU
		{6187E3FF-238F-4354-8F05-13DE0D4C7F8D}.Debug|Any CPU.ActiveCfg = Debug|Any CPU
		{6187E3FF-238F-4354-8F05-13DE0D4C7F8D}.Debug|Any CPU.Build.0 = Debug|Any CPU
		{6187E3FF-238F-4354-8F05-13DE0D4C7F8D}.Release|Any CPU.ActiveCfg = Release|Any CPU
		{6187E3FF-238F-4354-8F05-13DE0D4C7F8D}.Release|Any CPU.Build.0 = Release|Any CPU
		{95264966-9E27-48AB-B039-198A6F6CAB3C}.Debug|Any CPU.ActiveCfg = Debug|Any CPU
		{95264966-9E27-48AB-B039-198A6F6CAB3C}.Debug|Any CPU.Build.0 = Debug|Any CPU
		{95264966-9E27-48AB-B039-198A6F6CAB3C}.Release|Any CPU.ActiveCfg = Release|Any CPU
		{95264966-9E27-48AB-B039-198A6F6CAB3C}.Release|Any CPU.Build.0 = Release|Any CPU
		{4207B701-19D0-421E-990C-306C6378FB19}.Debug|Any CPU.ActiveCfg = Debug|Any CPU
		{4207B701-19D0-421E-990C-306C6378FB19}.Debug|Any CPU.Build.0 = Debug|Any CPU
		{4207B701-19D0-421E-990C-306C6378FB19}.Release|Any CPU.ActiveCfg = Release|Any CPU
		{4207B701-19D0-421E-990C-306C6378FB19}.Release|Any CPU.Build.0 = Release|Any CPU
		{5C561E05-E6E1-4CA5-8734-0C942CA59DFF}.Debug|Any CPU.ActiveCfg = Debug|Any CPU
		{5C561E05-E6E1-4CA5-8734-0C942CA59DFF}.Debug|Any CPU.Build.0 = Debug|Any CPU
		{5C561E05-E6E1-4CA5-8734-0C942CA59DFF}.Release|Any CPU.ActiveCfg = Release|Any CPU
		{5C561E05-E6E1-4CA5-8734-0C942CA59DFF}.Release|Any CPU.Build.0 = Release|Any CPU
	EndGlobalSection
	GlobalSection(SolutionProperties) = preSolution
		HideSolutionNode = FALSE
	EndGlobalSection
	GlobalSection(NestedProjects) = preSolution
		{2E94C4D9-0FA1-4CEC-B1E2-1BD68156A10C} = {40A5ABA6-8392-4BD7-8680-62ADB3542DAF}
		{D0B5A52A-3892-4034-91C5-74E4DBF1EEEF} = {40A5ABA6-8392-4BD7-8680-62ADB3542DAF}
		{33219F05-B5E9-43C2-ABC9-36F226E95761} = {524C7643-81BB-4850-B713-826C0B3A6A5F}
		{1C59CC23-D919-4A64-8769-DBCE1BA87B52} = {524C7643-81BB-4850-B713-826C0B3A6A5F}
		{09403585-214B-4B80-BF3F-47B24C5AB70E} = {33219F05-B5E9-43C2-ABC9-36F226E95761}
		{BA3B6BB4-97F8-4F6D-839E-9547B05D2090} = {2E94C4D9-0FA1-4CEC-B1E2-1BD68156A10C}
		{F8FD76BB-FAB8-4A12-BBCA-F772B92C57EB} = {33219F05-B5E9-43C2-ABC9-36F226E95761}
		{510BFE04-808E-461C-974F-B8EE0FDE00E6} = {1C59CC23-D919-4A64-8769-DBCE1BA87B52}
		{9F7C4E0D-1960-4D5A-80CF-C0A7C4EC8A62} = {2E94C4D9-0FA1-4CEC-B1E2-1BD68156A10C}
		{1AA5B522-011D-4DE5-BCF7-38EA657482AB} = {DACBBDAB-7822-4E75-9EC6-824F8F574ED4}
		{660FE6B8-1FCE-43B4-AC80-107A323CD73C} = {FFFFD82F-50A8-4307-BBF9-88307A61FE37}
		{6187E3FF-238F-4354-8F05-13DE0D4C7F8D} = {D0B5A52A-3892-4034-91C5-74E4DBF1EEEF}
		{95264966-9E27-48AB-B039-198A6F6CAB3C} = {9CB55B1D-E86A-4F6C-8728-CF83AA6C615D}
		{4207B701-19D0-421E-990C-306C6378FB19} = {FB892B2B-5404-457B-AA65-BBB43F0881A0}
		{9CB55B1D-E86A-4F6C-8728-CF83AA6C615D} = {A8443730-6DE1-46F0-82BF-3590FB367670}
		{FB892B2B-5404-457B-AA65-BBB43F0881A0} = {A8443730-6DE1-46F0-82BF-3590FB367670}
		{5C561E05-E6E1-4CA5-8734-0C942CA59DFF} = {28A40CA8-4BF6-4A6D-A517-8B1D2D91336B}
		{28A40CA8-4BF6-4A6D-A517-8B1D2D91336B} = {86173180-98EB-44E9-9911-8BF6C1755B91}
	EndGlobalSection
EndGlobal
