
Microsoft Visual Studio Solution File, Format Version 12.00
# Visual Studio 2013
VisualStudioVersion = 12.0.40629.0
MinimumVisualStudioVersion = 10.0.40219.1
Project("{FAE04EC0-301F-11D3-BF4B-00C04F79EFBC}") = "Xania.Ledger.Domain", "Xania.Ledger.Domain\Xania.Ledger.Domain.csproj", "{09403585-214B-4B80-BF3F-47B24C5AB70E}"
EndProject
Project("{FAE04EC0-301F-11D3-BF4B-00C04F79EFBC}") = "Xania.Ledger.Domain.Tests", "Xania.Ledger.Domain.Tests\Xania.Ledger.Domain.Tests.csproj", "{510BFE04-808E-461C-974F-B8EE0FDE00E6}"
EndProject
Project("{2150E333-8FDC-42A3-9474-1A3956D46DE8}") = "test", "test", "{2E94C4D9-0FA1-4CEC-B1E2-1BD68156A10C}"
EndProject
Project("{2150E333-8FDC-42A3-9474-1A3956D46DE8}") = "src", "src", "{D0B5A52A-3892-4034-91C5-74E4DBF1EEEF}"
EndProject
Project("{FAE04EC0-301F-11D3-BF4B-00C04F79EFBC}") = "Xania.DataAccess", "Xania.DataAccess\Xania.DataAccess.csproj", "{38105131-F4D3-43FB-90E2-DBCC2155DC47}"
EndProject
Project("{FAE04EC0-301F-11D3-BF4B-00C04F79EFBC}") = "Xania.DataAccess.Tests", "Xania.DataAccess.Tests\Xania.DataAccess.Tests.csproj", "{BA3B6BB4-97F8-4F6D-839E-9547B05D2090}"
EndProject
Project("{2150E333-8FDC-42A3-9474-1A3956D46DE8}") = ".nuget", ".nuget", "{97A670C3-37C9-4ECB-87E4-5278407145E7}"
	ProjectSection(SolutionItems) = preProject
		.nuget\NuGet.Config = .nuget\NuGet.Config
		.nuget\NuGet.exe = .nuget\NuGet.exe
		.nuget\NuGet.targets = .nuget\NuGet.targets
	EndProjectSection
EndProject
Project("{FAE04EC0-301F-11D3-BF4B-00C04F79EFBC}") = "Xania.Web", "Xania.Web\Xania.Web.csproj", "{D4A5A4F5-1B73-4A3A-949B-5EF325856249}"
EndProject
Global
	GlobalSection(SolutionConfigurationPlatforms) = preSolution
		Debug|Any CPU = Debug|Any CPU
		Release|Any CPU = Release|Any CPU
	EndGlobalSection
	GlobalSection(ProjectConfigurationPlatforms) = postSolution
		{09403585-214B-4B80-BF3F-47B24C5AB70E}.Debug|Any CPU.ActiveCfg = Debug|Any CPU
		{09403585-214B-4B80-BF3F-47B24C5AB70E}.Debug|Any CPU.Build.0 = Debug|Any CPU
		{09403585-214B-4B80-BF3F-47B24C5AB70E}.Release|Any CPU.ActiveCfg = Release|Any CPU
		{09403585-214B-4B80-BF3F-47B24C5AB70E}.Release|Any CPU.Build.0 = Release|Any CPU
		{510BFE04-808E-461C-974F-B8EE0FDE00E6}.Debug|Any CPU.ActiveCfg = Debug|Any CPU
		{510BFE04-808E-461C-974F-B8EE0FDE00E6}.Debug|Any CPU.Build.0 = Debug|Any CPU
		{510BFE04-808E-461C-974F-B8EE0FDE00E6}.Release|Any CPU.ActiveCfg = Release|Any CPU
		{510BFE04-808E-461C-974F-B8EE0FDE00E6}.Release|Any CPU.Build.0 = Release|Any CPU
		{38105131-F4D3-43FB-90E2-DBCC2155DC47}.Debug|Any CPU.ActiveCfg = Debug|Any CPU
		{38105131-F4D3-43FB-90E2-DBCC2155DC47}.Debug|Any CPU.Build.0 = Debug|Any CPU
		{38105131-F4D3-43FB-90E2-DBCC2155DC47}.Release|Any CPU.ActiveCfg = Release|Any CPU
		{38105131-F4D3-43FB-90E2-DBCC2155DC47}.Release|Any CPU.Build.0 = Release|Any CPU
		{BA3B6BB4-97F8-4F6D-839E-9547B05D2090}.Debug|Any CPU.ActiveCfg = Debug|Any CPU
		{BA3B6BB4-97F8-4F6D-839E-9547B05D2090}.Debug|Any CPU.Build.0 = Debug|Any CPU
		{BA3B6BB4-97F8-4F6D-839E-9547B05D2090}.Release|Any CPU.ActiveCfg = Release|Any CPU
		{BA3B6BB4-97F8-4F6D-839E-9547B05D2090}.Release|Any CPU.Build.0 = Release|Any CPU
		{D4A5A4F5-1B73-4A3A-949B-5EF325856249}.Debug|Any CPU.ActiveCfg = Debug|Any CPU
		{D4A5A4F5-1B73-4A3A-949B-5EF325856249}.Debug|Any CPU.Build.0 = Debug|Any CPU
		{D4A5A4F5-1B73-4A3A-949B-5EF325856249}.Release|Any CPU.ActiveCfg = Release|Any CPU
		{D4A5A4F5-1B73-4A3A-949B-5EF325856249}.Release|Any CPU.Build.0 = Release|Any CPU
	EndGlobalSection
	GlobalSection(SolutionProperties) = preSolution
		HideSolutionNode = FALSE
	EndGlobalSection
	GlobalSection(NestedProjects) = preSolution
		{09403585-214B-4B80-BF3F-47B24C5AB70E} = {D0B5A52A-3892-4034-91C5-74E4DBF1EEEF}
		{510BFE04-808E-461C-974F-B8EE0FDE00E6} = {2E94C4D9-0FA1-4CEC-B1E2-1BD68156A10C}
		{38105131-F4D3-43FB-90E2-DBCC2155DC47} = {D0B5A52A-3892-4034-91C5-74E4DBF1EEEF}
		{BA3B6BB4-97F8-4F6D-839E-9547B05D2090} = {2E94C4D9-0FA1-4CEC-B1E2-1BD68156A10C}
		{D4A5A4F5-1B73-4A3A-949B-5EF325856249} = {D0B5A52A-3892-4034-91C5-74E4DBF1EEEF}
	EndGlobalSection
EndGlobal
