
Microsoft Visual Studio Solution File, Format Version 12.00
# Visual Studio 2013
VisualStudioVersion = 12.0.40629.0
MinimumVisualStudioVersion = 10.0.40219.1
Project("{FAE04EC0-301F-11D3-BF4B-00C04F79EFBC}") = "Xania.Ledger.Domain", "Xania.Ledger.Domain\Xania.Ledger.Domain.csproj", "{09403585-214B-4B80-BF3F-47B24C5AB70E}"
EndProject
Project("{FAE04EC0-301F-11D3-BF4B-00C04F79EFBC}") = "Xania.Ledger.Domain.Tests", "Xania.Ledger.Domain.Tests\Xania.Ledger.Domain.Tests.csproj", "{510BFE04-808E-461C-974F-B8EE0FDE00E6}"
EndProject
Global
	GlobalSection(SolutionConfigurationPlatforms) = preSolution
		Debug|Any CPU = Debug|Any CPU
		Release|Any CPU = Release|Any CPU
	EndGlobalSection
	GlobalSection(ProjectConfigurationPlatforms) = postSolution
		{09403585-214B-4B80-BF3F-47B24C5AB70E}.Debug|Any CPU.ActiveCfg = Debug|Any CPU
		{09403585-214B-4B80-BF3F-47B24C5AB70E}.Debug|Any CPU.Build.0 = Debug|Any CPU
		{09403585-214B-4B80-BF3F-47B24C5AB70E}.Release|Any CPU.ActiveCfg = Release|Any CPU
		{09403585-214B-4B80-BF3F-47B24C5AB70E}.Release|Any CPU.Build.0 = Release|Any CPU
		{510BFE04-808E-461C-974F-B8EE0FDE00E6}.Debug|Any CPU.ActiveCfg = Debug|Any CPU
		{510BFE04-808E-461C-974F-B8EE0FDE00E6}.Debug|Any CPU.Build.0 = Debug|Any CPU
		{510BFE04-808E-461C-974F-B8EE0FDE00E6}.Release|Any CPU.ActiveCfg = Release|Any CPU
		{510BFE04-808E-461C-974F-B8EE0FDE00E6}.Release|Any CPU.Build.0 = Release|Any CPU
	EndGlobalSection
	GlobalSection(SolutionProperties) = preSolution
		HideSolutionNode = FALSE
	EndGlobalSection
EndGlobal
